<?xml version="1.0" encoding="utf-8"?>
<Project ToolsVersion="4.0" xmlns="http://schemas.microsoft.com/developer/msbuild/2003">
  <ItemGroup>
    <Filter Include="ext">
      <UniqueIdentifier>{7670880B-E279-887C-6BF5-9E7CD7FD937C}</UniqueIdentifier>
    </Filter>
    <Filter Include="ext\GLM">
      <UniqueIdentifier>{65B9B282-D198-311E-DAB0-BCF4460F987F}</UniqueIdentifier>
    </Filter>
    <Filter Include="ext\GLM\detail">
      <UniqueIdentifier>{878DDB21-735B-CF27-5CEF-3F4E485CAB8C}</UniqueIdentifier>
    </Filter>
    <Filter Include="ext\GLM\ext">
      <UniqueIdentifier>{4567A6A6-B11C-1F9C-3A11-1973A6C515A0}</UniqueIdentifier>
    </Filter>
    <Filter Include="ext\GLM\gtc">
      <UniqueIdentifier>{326FA6A6-9E24-1F9C-2719-197393CD15A0}</UniqueIdentifier>
    </Filter>
    <Filter Include="ext\GLM\gtx">
      <UniqueIdentifier>{476FA6A6-B324-1F9C-3C19-1973A8CD15A0}</UniqueIdentifier>
    </Filter>
    <Filter Include="ext\GLM\simd">
      <UniqueIdentifier>{E1BC7A7B-CD1F-0A20-76A5-42D662E7D5A2}</UniqueIdentifier>
    </Filter>
    <Filter Include="ext\Glad">
      <UniqueIdentifier>{1D710AD9-093E-65E4-3257-538C1E839A72}</UniqueIdentifier>
    </Filter>
    <Filter Include="ext\KHR">
      <UniqueIdentifier>{EAC9B282-56A9-311E-5FC1-BCF4CB1F987F}</UniqueIdentifier>
    </Filter>
    <Filter Include="ext\OpenAL-Soft">
      <UniqueIdentifier>{8DA6F963-F931-6728-0243-EA1C6E4DC328}</UniqueIdentifier>
    </Filter>
    <Filter Include="ext\TinyXML">
      <UniqueIdentifier>{FA967ED5-664C-F7CA-EF40-F1A15BF5EDCE}</UniqueIdentifier>
    </Filter>
    <Filter Include="ext\drwav">
      <UniqueIdentifier>{490369FC-B56D-1D73-FEAB-CE186A55FBC7}</UniqueIdentifier>
    </Filter>
    <Filter Include="ext\stb">
      <UniqueIdentifier>{CE79B382-3A59-321E-4371-BDF4AFCF987F}</UniqueIdentifier>
    </Filter>
    <Filter Include="src">
      <UniqueIdentifier>{2DAB880B-99B4-887C-2230-9F7C8E38947C}</UniqueIdentifier>
    </Filter>
    <Filter Include="src\Backend">
      <UniqueIdentifier>{E48EFDCE-5044-76C4-D938-709B45ED6CC8}</UniqueIdentifier>
    </Filter>
    <Filter Include="src\Backend\D3D11">
      <UniqueIdentifier>{D040DC27-3C57-DABD-85CE-65DFF123AB45}</UniqueIdentifier>
    </Filter>
    <Filter Include="src\Backend\OGL">
      <UniqueIdentifier>{35804D1F-A10B-BBE3-AA1C-3ED8162717E4}</UniqueIdentifier>
    </Filter>
    <Filter Include="src\Engine">
      <UniqueIdentifier>{12A1320E-FE58-745B-6760-4DB753370F4C}</UniqueIdentifier>
    </Filter>
    <Filter Include="src\Engine\Audio">
      <UniqueIdentifier>{9334FCA7-7F2D-1BFA-A85F-007F94B7FA05}</UniqueIdentifier>
    </Filter>
    <Filter Include="src\Engine\Input">
      <UniqueIdentifier>{915689A8-7D4F-A8FA-A681-8D7F92D98706}</UniqueIdentifier>
    </Filter>
    <Filter Include="src\Engine\Renderer">
      <UniqueIdentifier>{F838018B-649A-DE98-ED07-254B59681558}</UniqueIdentifier>
    </Filter>
    <Filter Include="src\Entry">
      <UniqueIdentifier>{8EF7DAB2-FA61-8F29-43A0-40CFAF496D7E}</UniqueIdentifier>
    </Filter>
    <Filter Include="src\Utils">
      <UniqueIdentifier>{4D9AFFB3-B904-B42A-0243-65D06EEC917F}</UniqueIdentifier>
    </Filter>
    <Filter Include="src\Utils\Windows">
      <UniqueIdentifier>{874175AE-F357-7344-3CCF-FE65A82444CC}</UniqueIdentifier>
    </Filter>
  </ItemGroup>
  <ItemGroup>
    <ClInclude Include="ext\DDSTextureLoader.h">
      <Filter>ext</Filter>
    </ClInclude>
    <ClInclude Include="ext\GLM\common.hpp">
      <Filter>ext\GLM</Filter>
    </ClInclude>
    <ClInclude Include="ext\GLM\detail\_features.hpp">
      <Filter>ext\GLM\detail</Filter>
    </ClInclude>
    <ClInclude Include="ext\GLM\detail\_fixes.hpp">
      <Filter>ext\GLM\detail</Filter>
    </ClInclude>
    <ClInclude Include="ext\GLM\detail\_noise.hpp">
      <Filter>ext\GLM\detail</Filter>
    </ClInclude>
    <ClInclude Include="ext\GLM\detail\_swizzle.hpp">
      <Filter>ext\GLM\detail</Filter>
    </ClInclude>
    <ClInclude Include="ext\GLM\detail\_swizzle_func.hpp">
      <Filter>ext\GLM\detail</Filter>
    </ClInclude>
    <ClInclude Include="ext\GLM\detail\_vectorize.hpp">
      <Filter>ext\GLM\detail</Filter>
    </ClInclude>
    <ClInclude Include="ext\GLM\detail\compute_common.hpp">
      <Filter>ext\GLM\detail</Filter>
    </ClInclude>
    <ClInclude Include="ext\GLM\detail\compute_vector_relational.hpp">
      <Filter>ext\GLM\detail</Filter>
    </ClInclude>
    <ClInclude Include="ext\GLM\detail\qualifier.hpp">
      <Filter>ext\GLM\detail</Filter>
    </ClInclude>
    <ClInclude Include="ext\GLM\detail\setup.hpp">
      <Filter>ext\GLM\detail</Filter>
    </ClInclude>
    <ClInclude Include="ext\GLM\detail\type_float.hpp">
      <Filter>ext\GLM\detail</Filter>
    </ClInclude>
    <ClInclude Include="ext\GLM\detail\type_half.hpp">
      <Filter>ext\GLM\detail</Filter>
    </ClInclude>
    <ClInclude Include="ext\GLM\detail\type_mat2x2.hpp">
      <Filter>ext\GLM\detail</Filter>
    </ClInclude>
    <ClInclude Include="ext\GLM\detail\type_mat2x3.hpp">
      <Filter>ext\GLM\detail</Filter>
    </ClInclude>
    <ClInclude Include="ext\GLM\detail\type_mat2x4.hpp">
      <Filter>ext\GLM\detail</Filter>
    </ClInclude>
    <ClInclude Include="ext\GLM\detail\type_mat3x2.hpp">
      <Filter>ext\GLM\detail</Filter>
    </ClInclude>
    <ClInclude Include="ext\GLM\detail\type_mat3x3.hpp">
      <Filter>ext\GLM\detail</Filter>
    </ClInclude>
    <ClInclude Include="ext\GLM\detail\type_mat3x4.hpp">
      <Filter>ext\GLM\detail</Filter>
    </ClInclude>
    <ClInclude Include="ext\GLM\detail\type_mat4x2.hpp">
      <Filter>ext\GLM\detail</Filter>
    </ClInclude>
    <ClInclude Include="ext\GLM\detail\type_mat4x3.hpp">
      <Filter>ext\GLM\detail</Filter>
    </ClInclude>
    <ClInclude Include="ext\GLM\detail\type_mat4x4.hpp">
      <Filter>ext\GLM\detail</Filter>
    </ClInclude>
    <ClInclude Include="ext\GLM\detail\type_quat.hpp">
      <Filter>ext\GLM\detail</Filter>
    </ClInclude>
    <ClInclude Include="ext\GLM\detail\type_vec1.hpp">
      <Filter>ext\GLM\detail</Filter>
    </ClInclude>
    <ClInclude Include="ext\GLM\detail\type_vec2.hpp">
      <Filter>ext\GLM\detail</Filter>
    </ClInclude>
    <ClInclude Include="ext\GLM\detail\type_vec3.hpp">
      <Filter>ext\GLM\detail</Filter>
    </ClInclude>
    <ClInclude Include="ext\GLM\detail\type_vec4.hpp">
      <Filter>ext\GLM\detail</Filter>
    </ClInclude>
    <ClInclude Include="ext\GLM\exponential.hpp">
      <Filter>ext\GLM</Filter>
    </ClInclude>
    <ClInclude Include="ext\GLM\ext.hpp">
      <Filter>ext\GLM</Filter>
    </ClInclude>
    <ClInclude Include="ext\GLM\ext\matrix_clip_space.hpp">
      <Filter>ext\GLM\ext</Filter>
    </ClInclude>
    <ClInclude Include="ext\GLM\ext\matrix_common.hpp">
      <Filter>ext\GLM\ext</Filter>
    </ClInclude>
    <ClInclude Include="ext\GLM\ext\matrix_double2x2.hpp">
      <Filter>ext\GLM\ext</Filter>
    </ClInclude>
    <ClInclude Include="ext\GLM\ext\matrix_double2x2_precision.hpp">
      <Filter>ext\GLM\ext</Filter>
    </ClInclude>
    <ClInclude Include="ext\GLM\ext\matrix_double2x3.hpp">
      <Filter>ext\GLM\ext</Filter>
    </ClInclude>
    <ClInclude Include="ext\GLM\ext\matrix_double2x3_precision.hpp">
      <Filter>ext\GLM\ext</Filter>
    </ClInclude>
    <ClInclude Include="ext\GLM\ext\matrix_double2x4.hpp">
      <Filter>ext\GLM\ext</Filter>
    </ClInclude>
    <ClInclude Include="ext\GLM\ext\matrix_double2x4_precision.hpp">
      <Filter>ext\GLM\ext</Filter>
    </ClInclude>
    <ClInclude Include="ext\GLM\ext\matrix_double3x2.hpp">
      <Filter>ext\GLM\ext</Filter>
    </ClInclude>
    <ClInclude Include="ext\GLM\ext\matrix_double3x2_precision.hpp">
      <Filter>ext\GLM\ext</Filter>
    </ClInclude>
    <ClInclude Include="ext\GLM\ext\matrix_double3x3.hpp">
      <Filter>ext\GLM\ext</Filter>
    </ClInclude>
    <ClInclude Include="ext\GLM\ext\matrix_double3x3_precision.hpp">
      <Filter>ext\GLM\ext</Filter>
    </ClInclude>
    <ClInclude Include="ext\GLM\ext\matrix_double3x4.hpp">
      <Filter>ext\GLM\ext</Filter>
    </ClInclude>
    <ClInclude Include="ext\GLM\ext\matrix_double3x4_precision.hpp">
      <Filter>ext\GLM\ext</Filter>
    </ClInclude>
    <ClInclude Include="ext\GLM\ext\matrix_double4x2.hpp">
      <Filter>ext\GLM\ext</Filter>
    </ClInclude>
    <ClInclude Include="ext\GLM\ext\matrix_double4x2_precision.hpp">
      <Filter>ext\GLM\ext</Filter>
    </ClInclude>
    <ClInclude Include="ext\GLM\ext\matrix_double4x3.hpp">
      <Filter>ext\GLM\ext</Filter>
    </ClInclude>
    <ClInclude Include="ext\GLM\ext\matrix_double4x3_precision.hpp">
      <Filter>ext\GLM\ext</Filter>
    </ClInclude>
    <ClInclude Include="ext\GLM\ext\matrix_double4x4.hpp">
      <Filter>ext\GLM\ext</Filter>
    </ClInclude>
    <ClInclude Include="ext\GLM\ext\matrix_double4x4_precision.hpp">
      <Filter>ext\GLM\ext</Filter>
    </ClInclude>
    <ClInclude Include="ext\GLM\ext\matrix_float2x2.hpp">
      <Filter>ext\GLM\ext</Filter>
    </ClInclude>
    <ClInclude Include="ext\GLM\ext\matrix_float2x2_precision.hpp">
      <Filter>ext\GLM\ext</Filter>
    </ClInclude>
    <ClInclude Include="ext\GLM\ext\matrix_float2x3.hpp">
      <Filter>ext\GLM\ext</Filter>
    </ClInclude>
    <ClInclude Include="ext\GLM\ext\matrix_float2x3_precision.hpp">
      <Filter>ext\GLM\ext</Filter>
    </ClInclude>
    <ClInclude Include="ext\GLM\ext\matrix_float2x4.hpp">
      <Filter>ext\GLM\ext</Filter>
    </ClInclude>
    <ClInclude Include="ext\GLM\ext\matrix_float2x4_precision.hpp">
      <Filter>ext\GLM\ext</Filter>
    </ClInclude>
    <ClInclude Include="ext\GLM\ext\matrix_float3x2.hpp">
      <Filter>ext\GLM\ext</Filter>
    </ClInclude>
    <ClInclude Include="ext\GLM\ext\matrix_float3x2_precision.hpp">
      <Filter>ext\GLM\ext</Filter>
    </ClInclude>
    <ClInclude Include="ext\GLM\ext\matrix_float3x3.hpp">
      <Filter>ext\GLM\ext</Filter>
    </ClInclude>
    <ClInclude Include="ext\GLM\ext\matrix_float3x3_precision.hpp">
      <Filter>ext\GLM\ext</Filter>
    </ClInclude>
    <ClInclude Include="ext\GLM\ext\matrix_float3x4.hpp">
      <Filter>ext\GLM\ext</Filter>
    </ClInclude>
    <ClInclude Include="ext\GLM\ext\matrix_float3x4_precision.hpp">
      <Filter>ext\GLM\ext</Filter>
    </ClInclude>
    <ClInclude Include="ext\GLM\ext\matrix_float4x2.hpp">
      <Filter>ext\GLM\ext</Filter>
    </ClInclude>
    <ClInclude Include="ext\GLM\ext\matrix_float4x2_precision.hpp">
      <Filter>ext\GLM\ext</Filter>
    </ClInclude>
    <ClInclude Include="ext\GLM\ext\matrix_float4x3.hpp">
      <Filter>ext\GLM\ext</Filter>
    </ClInclude>
    <ClInclude Include="ext\GLM\ext\matrix_float4x3_precision.hpp">
      <Filter>ext\GLM\ext</Filter>
    </ClInclude>
    <ClInclude Include="ext\GLM\ext\matrix_float4x4.hpp">
      <Filter>ext\GLM\ext</Filter>
    </ClInclude>
    <ClInclude Include="ext\GLM\ext\matrix_float4x4_precision.hpp">
      <Filter>ext\GLM\ext</Filter>
    </ClInclude>
    <ClInclude Include="ext\GLM\ext\matrix_int2x2.hpp">
      <Filter>ext\GLM\ext</Filter>
    </ClInclude>
    <ClInclude Include="ext\GLM\ext\matrix_int2x2_sized.hpp">
      <Filter>ext\GLM\ext</Filter>
    </ClInclude>
    <ClInclude Include="ext\GLM\ext\matrix_int2x3.hpp">
      <Filter>ext\GLM\ext</Filter>
    </ClInclude>
    <ClInclude Include="ext\GLM\ext\matrix_int2x3_sized.hpp">
      <Filter>ext\GLM\ext</Filter>
    </ClInclude>
    <ClInclude Include="ext\GLM\ext\matrix_int2x4.hpp">
      <Filter>ext\GLM\ext</Filter>
    </ClInclude>
    <ClInclude Include="ext\GLM\ext\matrix_int2x4_sized.hpp">
      <Filter>ext\GLM\ext</Filter>
    </ClInclude>
    <ClInclude Include="ext\GLM\ext\matrix_int3x2.hpp">
      <Filter>ext\GLM\ext</Filter>
    </ClInclude>
    <ClInclude Include="ext\GLM\ext\matrix_int3x2_sized.hpp">
      <Filter>ext\GLM\ext</Filter>
    </ClInclude>
    <ClInclude Include="ext\GLM\ext\matrix_int3x3.hpp">
      <Filter>ext\GLM\ext</Filter>
    </ClInclude>
    <ClInclude Include="ext\GLM\ext\matrix_int3x3_sized.hpp">
      <Filter>ext\GLM\ext</Filter>
    </ClInclude>
    <ClInclude Include="ext\GLM\ext\matrix_int3x4.hpp">
      <Filter>ext\GLM\ext</Filter>
    </ClInclude>
    <ClInclude Include="ext\GLM\ext\matrix_int3x4_sized.hpp">
      <Filter>ext\GLM\ext</Filter>
    </ClInclude>
    <ClInclude Include="ext\GLM\ext\matrix_int4x2.hpp">
      <Filter>ext\GLM\ext</Filter>
    </ClInclude>
    <ClInclude Include="ext\GLM\ext\matrix_int4x2_sized.hpp">
      <Filter>ext\GLM\ext</Filter>
    </ClInclude>
    <ClInclude Include="ext\GLM\ext\matrix_int4x3.hpp">
      <Filter>ext\GLM\ext</Filter>
    </ClInclude>
    <ClInclude Include="ext\GLM\ext\matrix_int4x3_sized.hpp">
      <Filter>ext\GLM\ext</Filter>
    </ClInclude>
    <ClInclude Include="ext\GLM\ext\matrix_int4x4.hpp">
      <Filter>ext\GLM\ext</Filter>
    </ClInclude>
    <ClInclude Include="ext\GLM\ext\matrix_int4x4_sized.hpp">
      <Filter>ext\GLM\ext</Filter>
    </ClInclude>
    <ClInclude Include="ext\GLM\ext\matrix_projection.hpp">
      <Filter>ext\GLM\ext</Filter>
    </ClInclude>
    <ClInclude Include="ext\GLM\ext\matrix_relational.hpp">
      <Filter>ext\GLM\ext</Filter>
    </ClInclude>
    <ClInclude Include="ext\GLM\ext\matrix_transform.hpp">
      <Filter>ext\GLM\ext</Filter>
    </ClInclude>
    <ClInclude Include="ext\GLM\ext\matrix_uint2x2.hpp">
      <Filter>ext\GLM\ext</Filter>
    </ClInclude>
    <ClInclude Include="ext\GLM\ext\matrix_uint2x2_sized.hpp">
      <Filter>ext\GLM\ext</Filter>
    </ClInclude>
    <ClInclude Include="ext\GLM\ext\matrix_uint2x3.hpp">
      <Filter>ext\GLM\ext</Filter>
    </ClInclude>
    <ClInclude Include="ext\GLM\ext\matrix_uint2x3_sized.hpp">
      <Filter>ext\GLM\ext</Filter>
    </ClInclude>
    <ClInclude Include="ext\GLM\ext\matrix_uint2x4.hpp">
      <Filter>ext\GLM\ext</Filter>
    </ClInclude>
    <ClInclude Include="ext\GLM\ext\matrix_uint2x4_sized.hpp">
      <Filter>ext\GLM\ext</Filter>
    </ClInclude>
    <ClInclude Include="ext\GLM\ext\matrix_uint3x2.hpp">
      <Filter>ext\GLM\ext</Filter>
    </ClInclude>
    <ClInclude Include="ext\GLM\ext\matrix_uint3x2_sized.hpp">
      <Filter>ext\GLM\ext</Filter>
    </ClInclude>
    <ClInclude Include="ext\GLM\ext\matrix_uint3x3.hpp">
      <Filter>ext\GLM\ext</Filter>
    </ClInclude>
    <ClInclude Include="ext\GLM\ext\matrix_uint3x3_sized.hpp">
      <Filter>ext\GLM\ext</Filter>
    </ClInclude>
    <ClInclude Include="ext\GLM\ext\matrix_uint3x4.hpp">
      <Filter>ext\GLM\ext</Filter>
    </ClInclude>
    <ClInclude Include="ext\GLM\ext\matrix_uint3x4_sized.hpp">
      <Filter>ext\GLM\ext</Filter>
    </ClInclude>
    <ClInclude Include="ext\GLM\ext\matrix_uint4x2.hpp">
      <Filter>ext\GLM\ext</Filter>
    </ClInclude>
    <ClInclude Include="ext\GLM\ext\matrix_uint4x2_sized.hpp">
      <Filter>ext\GLM\ext</Filter>
    </ClInclude>
    <ClInclude Include="ext\GLM\ext\matrix_uint4x3.hpp">
      <Filter>ext\GLM\ext</Filter>
    </ClInclude>
    <ClInclude Include="ext\GLM\ext\matrix_uint4x3_sized.hpp">
      <Filter>ext\GLM\ext</Filter>
    </ClInclude>
    <ClInclude Include="ext\GLM\ext\matrix_uint4x4.hpp">
      <Filter>ext\GLM\ext</Filter>
    </ClInclude>
    <ClInclude Include="ext\GLM\ext\matrix_uint4x4_sized.hpp">
      <Filter>ext\GLM\ext</Filter>
    </ClInclude>
    <ClInclude Include="ext\GLM\ext\quaternion_common.hpp">
      <Filter>ext\GLM\ext</Filter>
    </ClInclude>
    <ClInclude Include="ext\GLM\ext\quaternion_double.hpp">
      <Filter>ext\GLM\ext</Filter>
    </ClInclude>
    <ClInclude Include="ext\GLM\ext\quaternion_double_precision.hpp">
      <Filter>ext\GLM\ext</Filter>
    </ClInclude>
    <ClInclude Include="ext\GLM\ext\quaternion_exponential.hpp">
      <Filter>ext\GLM\ext</Filter>
    </ClInclude>
    <ClInclude Include="ext\GLM\ext\quaternion_float.hpp">
      <Filter>ext\GLM\ext</Filter>
    </ClInclude>
    <ClInclude Include="ext\GLM\ext\quaternion_float_precision.hpp">
      <Filter>ext\GLM\ext</Filter>
    </ClInclude>
    <ClInclude Include="ext\GLM\ext\quaternion_geometric.hpp">
      <Filter>ext\GLM\ext</Filter>
    </ClInclude>
    <ClInclude Include="ext\GLM\ext\quaternion_relational.hpp">
      <Filter>ext\GLM\ext</Filter>
    </ClInclude>
    <ClInclude Include="ext\GLM\ext\quaternion_transform.hpp">
      <Filter>ext\GLM\ext</Filter>
    </ClInclude>
    <ClInclude Include="ext\GLM\ext\quaternion_trigonometric.hpp">
      <Filter>ext\GLM\ext</Filter>
    </ClInclude>
    <ClInclude Include="ext\GLM\ext\scalar_common.hpp">
      <Filter>ext\GLM\ext</Filter>
    </ClInclude>
    <ClInclude Include="ext\GLM\ext\scalar_constants.hpp">
      <Filter>ext\GLM\ext</Filter>
    </ClInclude>
    <ClInclude Include="ext\GLM\ext\scalar_int_sized.hpp">
      <Filter>ext\GLM\ext</Filter>
    </ClInclude>
    <ClInclude Include="ext\GLM\ext\scalar_integer.hpp">
      <Filter>ext\GLM\ext</Filter>
    </ClInclude>
    <ClInclude Include="ext\GLM\ext\scalar_packing.hpp">
      <Filter>ext\GLM\ext</Filter>
    </ClInclude>
    <ClInclude Include="ext\GLM\ext\scalar_relational.hpp">
      <Filter>ext\GLM\ext</Filter>
    </ClInclude>
    <ClInclude Include="ext\GLM\ext\scalar_uint_sized.hpp">
      <Filter>ext\GLM\ext</Filter>
    </ClInclude>
    <ClInclude Include="ext\GLM\ext\scalar_ulp.hpp">
      <Filter>ext\GLM\ext</Filter>
    </ClInclude>
    <ClInclude Include="ext\GLM\ext\vector_bool1.hpp">
      <Filter>ext\GLM\ext</Filter>
    </ClInclude>
    <ClInclude Include="ext\GLM\ext\vector_bool1_precision.hpp">
      <Filter>ext\GLM\ext</Filter>
    </ClInclude>
    <ClInclude Include="ext\GLM\ext\vector_bool2.hpp">
      <Filter>ext\GLM\ext</Filter>
    </ClInclude>
    <ClInclude Include="ext\GLM\ext\vector_bool2_precision.hpp">
      <Filter>ext\GLM\ext</Filter>
    </ClInclude>
    <ClInclude Include="ext\GLM\ext\vector_bool3.hpp">
      <Filter>ext\GLM\ext</Filter>
    </ClInclude>
    <ClInclude Include="ext\GLM\ext\vector_bool3_precision.hpp">
      <Filter>ext\GLM\ext</Filter>
    </ClInclude>
    <ClInclude Include="ext\GLM\ext\vector_bool4.hpp">
      <Filter>ext\GLM\ext</Filter>
    </ClInclude>
    <ClInclude Include="ext\GLM\ext\vector_bool4_precision.hpp">
      <Filter>ext\GLM\ext</Filter>
    </ClInclude>
    <ClInclude Include="ext\GLM\ext\vector_common.hpp">
      <Filter>ext\GLM\ext</Filter>
    </ClInclude>
    <ClInclude Include="ext\GLM\ext\vector_double1.hpp">
      <Filter>ext\GLM\ext</Filter>
    </ClInclude>
    <ClInclude Include="ext\GLM\ext\vector_double1_precision.hpp">
      <Filter>ext\GLM\ext</Filter>
    </ClInclude>
    <ClInclude Include="ext\GLM\ext\vector_double2.hpp">
      <Filter>ext\GLM\ext</Filter>
    </ClInclude>
    <ClInclude Include="ext\GLM\ext\vector_double2_precision.hpp">
      <Filter>ext\GLM\ext</Filter>
    </ClInclude>
    <ClInclude Include="ext\GLM\ext\vector_double3.hpp">
      <Filter>ext\GLM\ext</Filter>
    </ClInclude>
    <ClInclude Include="ext\GLM\ext\vector_double3_precision.hpp">
      <Filter>ext\GLM\ext</Filter>
    </ClInclude>
    <ClInclude Include="ext\GLM\ext\vector_double4.hpp">
      <Filter>ext\GLM\ext</Filter>
    </ClInclude>
    <ClInclude Include="ext\GLM\ext\vector_double4_precision.hpp">
      <Filter>ext\GLM\ext</Filter>
    </ClInclude>
    <ClInclude Include="ext\GLM\ext\vector_float1.hpp">
      <Filter>ext\GLM\ext</Filter>
    </ClInclude>
    <ClInclude Include="ext\GLM\ext\vector_float1_precision.hpp">
      <Filter>ext\GLM\ext</Filter>
    </ClInclude>
    <ClInclude Include="ext\GLM\ext\vector_float2.hpp">
      <Filter>ext\GLM\ext</Filter>
    </ClInclude>
    <ClInclude Include="ext\GLM\ext\vector_float2_precision.hpp">
      <Filter>ext\GLM\ext</Filter>
    </ClInclude>
    <ClInclude Include="ext\GLM\ext\vector_float3.hpp">
      <Filter>ext\GLM\ext</Filter>
    </ClInclude>
    <ClInclude Include="ext\GLM\ext\vector_float3_precision.hpp">
      <Filter>ext\GLM\ext</Filter>
    </ClInclude>
    <ClInclude Include="ext\GLM\ext\vector_float4.hpp">
      <Filter>ext\GLM\ext</Filter>
    </ClInclude>
    <ClInclude Include="ext\GLM\ext\vector_float4_precision.hpp">
      <Filter>ext\GLM\ext</Filter>
    </ClInclude>
    <ClInclude Include="ext\GLM\ext\vector_int1.hpp">
      <Filter>ext\GLM\ext</Filter>
    </ClInclude>
    <ClInclude Include="ext\GLM\ext\vector_int1_sized.hpp">
      <Filter>ext\GLM\ext</Filter>
    </ClInclude>
    <ClInclude Include="ext\GLM\ext\vector_int2.hpp">
      <Filter>ext\GLM\ext</Filter>
    </ClInclude>
    <ClInclude Include="ext\GLM\ext\vector_int2_sized.hpp">
      <Filter>ext\GLM\ext</Filter>
    </ClInclude>
    <ClInclude Include="ext\GLM\ext\vector_int3.hpp">
      <Filter>ext\GLM\ext</Filter>
    </ClInclude>
    <ClInclude Include="ext\GLM\ext\vector_int3_sized.hpp">
      <Filter>ext\GLM\ext</Filter>
    </ClInclude>
    <ClInclude Include="ext\GLM\ext\vector_int4.hpp">
      <Filter>ext\GLM\ext</Filter>
    </ClInclude>
    <ClInclude Include="ext\GLM\ext\vector_int4_sized.hpp">
      <Filter>ext\GLM\ext</Filter>
    </ClInclude>
    <ClInclude Include="ext\GLM\ext\vector_integer.hpp">
      <Filter>ext\GLM\ext</Filter>
    </ClInclude>
    <ClInclude Include="ext\GLM\ext\vector_packing.hpp">
      <Filter>ext\GLM\ext</Filter>
    </ClInclude>
    <ClInclude Include="ext\GLM\ext\vector_relational.hpp">
      <Filter>ext\GLM\ext</Filter>
    </ClInclude>
    <ClInclude Include="ext\GLM\ext\vector_uint1.hpp">
      <Filter>ext\GLM\ext</Filter>
    </ClInclude>
    <ClInclude Include="ext\GLM\ext\vector_uint1_sized.hpp">
      <Filter>ext\GLM\ext</Filter>
    </ClInclude>
    <ClInclude Include="ext\GLM\ext\vector_uint2.hpp">
      <Filter>ext\GLM\ext</Filter>
    </ClInclude>
    <ClInclude Include="ext\GLM\ext\vector_uint2_sized.hpp">
      <Filter>ext\GLM\ext</Filter>
    </ClInclude>
    <ClInclude Include="ext\GLM\ext\vector_uint3.hpp">
      <Filter>ext\GLM\ext</Filter>
    </ClInclude>
    <ClInclude Include="ext\GLM\ext\vector_uint3_sized.hpp">
      <Filter>ext\GLM\ext</Filter>
    </ClInclude>
    <ClInclude Include="ext\GLM\ext\vector_uint4.hpp">
      <Filter>ext\GLM\ext</Filter>
    </ClInclude>
    <ClInclude Include="ext\GLM\ext\vector_uint4_sized.hpp">
      <Filter>ext\GLM\ext</Filter>
    </ClInclude>
    <ClInclude Include="ext\GLM\ext\vector_ulp.hpp">
      <Filter>ext\GLM\ext</Filter>
    </ClInclude>
    <ClInclude Include="ext\GLM\fwd.hpp">
      <Filter>ext\GLM</Filter>
    </ClInclude>
    <ClInclude Include="ext\GLM\geometric.hpp">
      <Filter>ext\GLM</Filter>
    </ClInclude>
    <ClInclude Include="ext\GLM\glm.hpp">
      <Filter>ext\GLM</Filter>
    </ClInclude>
    <ClInclude Include="ext\GLM\gtc\bitfield.hpp">
      <Filter>ext\GLM\gtc</Filter>
    </ClInclude>
    <ClInclude Include="ext\GLM\gtc\color_space.hpp">
      <Filter>ext\GLM\gtc</Filter>
    </ClInclude>
    <ClInclude Include="ext\GLM\gtc\constants.hpp">
      <Filter>ext\GLM\gtc</Filter>
    </ClInclude>
    <ClInclude Include="ext\GLM\gtc\epsilon.hpp">
      <Filter>ext\GLM\gtc</Filter>
    </ClInclude>
    <ClInclude Include="ext\GLM\gtc\integer.hpp">
      <Filter>ext\GLM\gtc</Filter>
    </ClInclude>
    <ClInclude Include="ext\GLM\gtc\matrix_access.hpp">
      <Filter>ext\GLM\gtc</Filter>
    </ClInclude>
    <ClInclude Include="ext\GLM\gtc\matrix_integer.hpp">
      <Filter>ext\GLM\gtc</Filter>
    </ClInclude>
    <ClInclude Include="ext\GLM\gtc\matrix_inverse.hpp">
      <Filter>ext\GLM\gtc</Filter>
    </ClInclude>
    <ClInclude Include="ext\GLM\gtc\matrix_transform.hpp">
      <Filter>ext\GLM\gtc</Filter>
    </ClInclude>
    <ClInclude Include="ext\GLM\gtc\noise.hpp">
      <Filter>ext\GLM\gtc</Filter>
    </ClInclude>
    <ClInclude Include="ext\GLM\gtc\packing.hpp">
      <Filter>ext\GLM\gtc</Filter>
    </ClInclude>
    <ClInclude Include="ext\GLM\gtc\quaternion.hpp">
      <Filter>ext\GLM\gtc</Filter>
    </ClInclude>
    <ClInclude Include="ext\GLM\gtc\random.hpp">
      <Filter>ext\GLM\gtc</Filter>
    </ClInclude>
    <ClInclude Include="ext\GLM\gtc\reciprocal.hpp">
      <Filter>ext\GLM\gtc</Filter>
    </ClInclude>
    <ClInclude Include="ext\GLM\gtc\round.hpp">
      <Filter>ext\GLM\gtc</Filter>
    </ClInclude>
    <ClInclude Include="ext\GLM\gtc\type_aligned.hpp">
      <Filter>ext\GLM\gtc</Filter>
    </ClInclude>
    <ClInclude Include="ext\GLM\gtc\type_precision.hpp">
      <Filter>ext\GLM\gtc</Filter>
    </ClInclude>
    <ClInclude Include="ext\GLM\gtc\type_ptr.hpp">
      <Filter>ext\GLM\gtc</Filter>
    </ClInclude>
    <ClInclude Include="ext\GLM\gtc\ulp.hpp">
      <Filter>ext\GLM\gtc</Filter>
    </ClInclude>
    <ClInclude Include="ext\GLM\gtc\vec1.hpp">
      <Filter>ext\GLM\gtc</Filter>
    </ClInclude>
    <ClInclude Include="ext\GLM\gtx\associated_min_max.hpp">
      <Filter>ext\GLM\gtx</Filter>
    </ClInclude>
    <ClInclude Include="ext\GLM\gtx\bit.hpp">
      <Filter>ext\GLM\gtx</Filter>
    </ClInclude>
    <ClInclude Include="ext\GLM\gtx\closest_point.hpp">
      <Filter>ext\GLM\gtx</Filter>
    </ClInclude>
    <ClInclude Include="ext\GLM\gtx\color_encoding.hpp">
      <Filter>ext\GLM\gtx</Filter>
    </ClInclude>
    <ClInclude Include="ext\GLM\gtx\color_space.hpp">
      <Filter>ext\GLM\gtx</Filter>
    </ClInclude>
    <ClInclude Include="ext\GLM\gtx\color_space_YCoCg.hpp">
      <Filter>ext\GLM\gtx</Filter>
    </ClInclude>
    <ClInclude Include="ext\GLM\gtx\common.hpp">
      <Filter>ext\GLM\gtx</Filter>
    </ClInclude>
    <ClInclude Include="ext\GLM\gtx\compatibility.hpp">
      <Filter>ext\GLM\gtx</Filter>
    </ClInclude>
    <ClInclude Include="ext\GLM\gtx\component_wise.hpp">
      <Filter>ext\GLM\gtx</Filter>
    </ClInclude>
    <ClInclude Include="ext\GLM\gtx\dual_quaternion.hpp">
      <Filter>ext\GLM\gtx</Filter>
    </ClInclude>
    <ClInclude Include="ext\GLM\gtx\easing.hpp">
      <Filter>ext\GLM\gtx</Filter>
    </ClInclude>
    <ClInclude Include="ext\GLM\gtx\euler_angles.hpp">
      <Filter>ext\GLM\gtx</Filter>
    </ClInclude>
    <ClInclude Include="ext\GLM\gtx\extend.hpp">
      <Filter>ext\GLM\gtx</Filter>
    </ClInclude>
    <ClInclude Include="ext\GLM\gtx\extended_min_max.hpp">
      <Filter>ext\GLM\gtx</Filter>
    </ClInclude>
    <ClInclude Include="ext\GLM\gtx\exterior_product.hpp">
      <Filter>ext\GLM\gtx</Filter>
    </ClInclude>
    <ClInclude Include="ext\GLM\gtx\fast_exponential.hpp">
      <Filter>ext\GLM\gtx</Filter>
    </ClInclude>
    <ClInclude Include="ext\GLM\gtx\fast_square_root.hpp">
      <Filter>ext\GLM\gtx</Filter>
    </ClInclude>
    <ClInclude Include="ext\GLM\gtx\fast_trigonometry.hpp">
      <Filter>ext\GLM\gtx</Filter>
    </ClInclude>
    <ClInclude Include="ext\GLM\gtx\functions.hpp">
      <Filter>ext\GLM\gtx</Filter>
    </ClInclude>
    <ClInclude Include="ext\GLM\gtx\gradient_paint.hpp">
      <Filter>ext\GLM\gtx</Filter>
    </ClInclude>
    <ClInclude Include="ext\GLM\gtx\handed_coordinate_space.hpp">
      <Filter>ext\GLM\gtx</Filter>
    </ClInclude>
    <ClInclude Include="ext\GLM\gtx\hash.hpp">
      <Filter>ext\GLM\gtx</Filter>
    </ClInclude>
    <ClInclude Include="ext\GLM\gtx\integer.hpp">
      <Filter>ext\GLM\gtx</Filter>
    </ClInclude>
    <ClInclude Include="ext\GLM\gtx\intersect.hpp">
      <Filter>ext\GLM\gtx</Filter>
    </ClInclude>
    <ClInclude Include="ext\GLM\gtx\io.hpp">
      <Filter>ext\GLM\gtx</Filter>
    </ClInclude>
    <ClInclude Include="ext\GLM\gtx\log_base.hpp">
      <Filter>ext\GLM\gtx</Filter>
    </ClInclude>
    <ClInclude Include="ext\GLM\gtx\matrix_cross_product.hpp">
      <Filter>ext\GLM\gtx</Filter>
    </ClInclude>
    <ClInclude Include="ext\GLM\gtx\matrix_decompose.hpp">
      <Filter>ext\GLM\gtx</Filter>
    </ClInclude>
    <ClInclude Include="ext\GLM\gtx\matrix_factorisation.hpp">
      <Filter>ext\GLM\gtx</Filter>
    </ClInclude>
    <ClInclude Include="ext\GLM\gtx\matrix_interpolation.hpp">
      <Filter>ext\GLM\gtx</Filter>
    </ClInclude>
    <ClInclude Include="ext\GLM\gtx\matrix_major_storage.hpp">
      <Filter>ext\GLM\gtx</Filter>
    </ClInclude>
    <ClInclude Include="ext\GLM\gtx\matrix_operation.hpp">
      <Filter>ext\GLM\gtx</Filter>
    </ClInclude>
    <ClInclude Include="ext\GLM\gtx\matrix_query.hpp">
      <Filter>ext\GLM\gtx</Filter>
    </ClInclude>
    <ClInclude Include="ext\GLM\gtx\matrix_transform_2d.hpp">
      <Filter>ext\GLM\gtx</Filter>
    </ClInclude>
    <ClInclude Include="ext\GLM\gtx\mixed_product.hpp">
      <Filter>ext\GLM\gtx</Filter>
    </ClInclude>
    <ClInclude Include="ext\GLM\gtx\norm.hpp">
      <Filter>ext\GLM\gtx</Filter>
    </ClInclude>
    <ClInclude Include="ext\GLM\gtx\normal.hpp">
      <Filter>ext\GLM\gtx</Filter>
    </ClInclude>
    <ClInclude Include="ext\GLM\gtx\normalize_dot.hpp">
      <Filter>ext\GLM\gtx</Filter>
    </ClInclude>
    <ClInclude Include="ext\GLM\gtx\number_precision.hpp">
      <Filter>ext\GLM\gtx</Filter>
    </ClInclude>
    <ClInclude Include="ext\GLM\gtx\optimum_pow.hpp">
      <Filter>ext\GLM\gtx</Filter>
    </ClInclude>
    <ClInclude Include="ext\GLM\gtx\orthonormalize.hpp">
      <Filter>ext\GLM\gtx</Filter>
    </ClInclude>
    <ClInclude Include="ext\GLM\gtx\perpendicular.hpp">
      <Filter>ext\GLM\gtx</Filter>
    </ClInclude>
    <ClInclude Include="ext\GLM\gtx\polar_coordinates.hpp">
      <Filter>ext\GLM\gtx</Filter>
    </ClInclude>
    <ClInclude Include="ext\GLM\gtx\projection.hpp">
      <Filter>ext\GLM\gtx</Filter>
    </ClInclude>
    <ClInclude Include="ext\GLM\gtx\quaternion.hpp">
      <Filter>ext\GLM\gtx</Filter>
    </ClInclude>
    <ClInclude Include="ext\GLM\gtx\range.hpp">
      <Filter>ext\GLM\gtx</Filter>
    </ClInclude>
    <ClInclude Include="ext\GLM\gtx\raw_data.hpp">
      <Filter>ext\GLM\gtx</Filter>
    </ClInclude>
    <ClInclude Include="ext\GLM\gtx\rotate_normalized_axis.hpp">
      <Filter>ext\GLM\gtx</Filter>
    </ClInclude>
    <ClInclude Include="ext\GLM\gtx\rotate_vector.hpp">
      <Filter>ext\GLM\gtx</Filter>
    </ClInclude>
    <ClInclude Include="ext\GLM\gtx\scalar_multiplication.hpp">
      <Filter>ext\GLM\gtx</Filter>
    </ClInclude>
    <ClInclude Include="ext\GLM\gtx\scalar_relational.hpp">
      <Filter>ext\GLM\gtx</Filter>
    </ClInclude>
    <ClInclude Include="ext\GLM\gtx\spline.hpp">
      <Filter>ext\GLM\gtx</Filter>
    </ClInclude>
    <ClInclude Include="ext\GLM\gtx\std_based_type.hpp">
      <Filter>ext\GLM\gtx</Filter>
    </ClInclude>
    <ClInclude Include="ext\GLM\gtx\string_cast.hpp">
      <Filter>ext\GLM\gtx</Filter>
    </ClInclude>
    <ClInclude Include="ext\GLM\gtx\texture.hpp">
      <Filter>ext\GLM\gtx</Filter>
    </ClInclude>
    <ClInclude Include="ext\GLM\gtx\transform.hpp">
      <Filter>ext\GLM\gtx</Filter>
    </ClInclude>
    <ClInclude Include="ext\GLM\gtx\transform2.hpp">
      <Filter>ext\GLM\gtx</Filter>
    </ClInclude>
    <ClInclude Include="ext\GLM\gtx\type_aligned.hpp">
      <Filter>ext\GLM\gtx</Filter>
    </ClInclude>
    <ClInclude Include="ext\GLM\gtx\type_trait.hpp">
      <Filter>ext\GLM\gtx</Filter>
    </ClInclude>
    <ClInclude Include="ext\GLM\gtx\vec_swizzle.hpp">
      <Filter>ext\GLM\gtx</Filter>
    </ClInclude>
    <ClInclude Include="ext\GLM\gtx\vector_angle.hpp">
      <Filter>ext\GLM\gtx</Filter>
    </ClInclude>
    <ClInclude Include="ext\GLM\gtx\vector_query.hpp">
      <Filter>ext\GLM\gtx</Filter>
    </ClInclude>
    <ClInclude Include="ext\GLM\gtx\wrap.hpp">
      <Filter>ext\GLM\gtx</Filter>
    </ClInclude>
    <ClInclude Include="ext\GLM\integer.hpp">
      <Filter>ext\GLM</Filter>
    </ClInclude>
    <ClInclude Include="ext\GLM\mat2x2.hpp">
      <Filter>ext\GLM</Filter>
    </ClInclude>
    <ClInclude Include="ext\GLM\mat2x3.hpp">
      <Filter>ext\GLM</Filter>
    </ClInclude>
    <ClInclude Include="ext\GLM\mat2x4.hpp">
      <Filter>ext\GLM</Filter>
    </ClInclude>
    <ClInclude Include="ext\GLM\mat3x2.hpp">
      <Filter>ext\GLM</Filter>
    </ClInclude>
    <ClInclude Include="ext\GLM\mat3x3.hpp">
      <Filter>ext\GLM</Filter>
    </ClInclude>
    <ClInclude Include="ext\GLM\mat3x4.hpp">
      <Filter>ext\GLM</Filter>
    </ClInclude>
    <ClInclude Include="ext\GLM\mat4x2.hpp">
      <Filter>ext\GLM</Filter>
    </ClInclude>
    <ClInclude Include="ext\GLM\mat4x3.hpp">
      <Filter>ext\GLM</Filter>
    </ClInclude>
    <ClInclude Include="ext\GLM\mat4x4.hpp">
      <Filter>ext\GLM</Filter>
    </ClInclude>
    <ClInclude Include="ext\GLM\matrix.hpp">
      <Filter>ext\GLM</Filter>
    </ClInclude>
    <ClInclude Include="ext\GLM\packing.hpp">
      <Filter>ext\GLM</Filter>
    </ClInclude>
    <ClInclude Include="ext\GLM\simd\common.h">
      <Filter>ext\GLM\simd</Filter>
    </ClInclude>
    <ClInclude Include="ext\GLM\simd\exponential.h">
      <Filter>ext\GLM\simd</Filter>
    </ClInclude>
    <ClInclude Include="ext\GLM\simd\geometric.h">
      <Filter>ext\GLM\simd</Filter>
    </ClInclude>
    <ClInclude Include="ext\GLM\simd\integer.h">
      <Filter>ext\GLM\simd</Filter>
    </ClInclude>
    <ClInclude Include="ext\GLM\simd\matrix.h">
      <Filter>ext\GLM\simd</Filter>
    </ClInclude>
    <ClInclude Include="ext\GLM\simd\neon.h">
      <Filter>ext\GLM\simd</Filter>
    </ClInclude>
    <ClInclude Include="ext\GLM\simd\packing.h">
      <Filter>ext\GLM\simd</Filter>
    </ClInclude>
    <ClInclude Include="ext\GLM\simd\platform.h">
      <Filter>ext\GLM\simd</Filter>
    </ClInclude>
    <ClInclude Include="ext\GLM\simd\trigonometric.h">
      <Filter>ext\GLM\simd</Filter>
    </ClInclude>
    <ClInclude Include="ext\GLM\simd\vector_relational.h">
      <Filter>ext\GLM\simd</Filter>
    </ClInclude>
    <ClInclude Include="ext\GLM\trigonometric.hpp">
      <Filter>ext\GLM</Filter>
    </ClInclude>
    <ClInclude Include="ext\GLM\vec2.hpp">
      <Filter>ext\GLM</Filter>
    </ClInclude>
    <ClInclude Include="ext\GLM\vec3.hpp">
      <Filter>ext\GLM</Filter>
    </ClInclude>
    <ClInclude Include="ext\GLM\vec4.hpp">
      <Filter>ext\GLM</Filter>
    </ClInclude>
    <ClInclude Include="ext\GLM\vector_relational.hpp">
      <Filter>ext\GLM</Filter>
    </ClInclude>
    <ClInclude Include="ext\Glad\glad.h">
      <Filter>ext\Glad</Filter>
    </ClInclude>
    <ClInclude Include="ext\KHR\khrplatform.h">
      <Filter>ext\KHR</Filter>
    </ClInclude>
    <ClInclude Include="ext\OpenAL-Soft\al.h">
      <Filter>ext\OpenAL-Soft</Filter>
    </ClInclude>
    <ClInclude Include="ext\OpenAL-Soft\alc.h">
      <Filter>ext\OpenAL-Soft</Filter>
    </ClInclude>
    <ClInclude Include="ext\OpenAL-Soft\alext.h">
      <Filter>ext\OpenAL-Soft</Filter>
    </ClInclude>
    <ClInclude Include="ext\OpenAL-Soft\efx-creative.h">
      <Filter>ext\OpenAL-Soft</Filter>
    </ClInclude>
    <ClInclude Include="ext\OpenAL-Soft\efx-presets.h">
      <Filter>ext\OpenAL-Soft</Filter>
    </ClInclude>
    <ClInclude Include="ext\OpenAL-Soft\efx.h">
      <Filter>ext\OpenAL-Soft</Filter>
    </ClInclude>
    <ClInclude Include="ext\TinyXML\tinystr.h">
      <Filter>ext\TinyXML</Filter>
    </ClInclude>
    <ClInclude Include="ext\TinyXML\tinyxml.h">
      <Filter>ext\TinyXML</Filter>
    </ClInclude>
    <ClInclude Include="ext\drwav\dr_wav.h">
      <Filter>ext\drwav</Filter>
    </ClInclude>
    <ClInclude Include="ext\stb\stb_image.h">
      <Filter>ext\stb</Filter>
    </ClInclude>
    <ClInclude Include="src\Backend\D3D11\D311Context.h">
      <Filter>src\Backend\D3D11</Filter>
    </ClInclude>
    <ClInclude Include="src\Backend\D3D11\D3D11Camera.h">
      <Filter>src\Backend\D3D11</Filter>
    </ClInclude>
    <ClInclude Include="src\Backend\D3D11\D3D11Device.h">
      <Filter>src\Backend\D3D11</Filter>
    </ClInclude>
    <ClInclude Include="src\Backend\D3D11\D3D11Renderer2D.h">
      <Filter>src\Backend\D3D11</Filter>
    </ClInclude>
    <ClInclude Include="src\Backend\D3D11\D3D11Shader.h">
      <Filter>src\Backend\D3D11</Filter>
    </ClInclude>
    <ClInclude Include="src\Backend\D3D11\D3D11Texture.h">
      <Filter>src\Backend\D3D11</Filter>
    </ClInclude>
    <ClInclude Include="src\Backend\OGL\OGLRenderer2D.h">
      <Filter>src\Backend\OGL</Filter>
    </ClInclude>
    <ClInclude Include="src\Backend\OGL\OGLShader.h">
      <Filter>src\Backend\OGL</Filter>
    </ClInclude>
    <ClInclude Include="src\Backend\OGL\OGLTexture.h">
      <Filter>src\Backend\OGL</Filter>
    </ClInclude>
    <ClInclude Include="src\Backend\OGL\OpenGLCamera.h">
      <Filter>src\Backend\OGL</Filter>
    </ClInclude>
    <ClInclude Include="src\Backend\OGL\OpenGLContext.h">
      <Filter>src\Backend\OGL</Filter>
    </ClInclude>
    <ClInclude Include="src\Camera.h">
      <Filter>src</Filter>
    </ClInclude>
    <ClInclude Include="src\CameraManager.h">
      <Filter>src</Filter>
    </ClInclude>
    <ClInclude Include="src\Character.h">
      <Filter>src</Filter>
    </ClInclude>
    <ClInclude Include="src\Common.h">
      <Filter>src</Filter>
    </ClInclude>
    <ClInclude Include="src\Engine.h">
      <Filter>src</Filter>
    </ClInclude>
    <ClInclude Include="src\Engine\Application.h">
      <Filter>src\Engine</Filter>
    </ClInclude>
    <ClInclude Include="src\Engine\Audio\AudioManager.h">
      <Filter>src\Engine\Audio</Filter>
    </ClInclude>
    <ClInclude Include="src\Engine\Core.h">
      <Filter>src\Engine</Filter>
    </ClInclude>
    <ClInclude Include="src\Engine\Defines.h">
      <Filter>src\Engine</Filter>
    </ClInclude>
    <ClInclude Include="src\Engine\EntryPoint.h">
      <Filter>src\Engine</Filter>
    </ClInclude>
    <ClInclude Include="src\Engine\Input\InputManager.h">
      <Filter>src\Engine\Input</Filter>
    </ClInclude>
    <ClInclude Include="src\Engine\Renderer\Context.h">
      <Filter>src\Engine\Renderer</Filter>
    </ClInclude>
    <ClInclude Include="src\Engine\Renderer\Device.h">
      <Filter>src\Engine\Renderer</Filter>
    </ClInclude>
    <ClInclude Include="src\Engine\Renderer\Renderer2D.h">
      <Filter>src\Engine\Renderer</Filter>
    </ClInclude>
    <ClInclude Include="src\Engine\Renderer\Swapchain.h">
      <Filter>src\Engine\Renderer</Filter>
    </ClInclude>
    <ClInclude Include="src\Engine\Window.h">
      <Filter>src\Engine</Filter>
    </ClInclude>
    <ClInclude Include="src\Entry\WindowsSystem.h">
      <Filter>src\Entry</Filter>
    </ClInclude>
    <ClInclude Include="src\LevelMap.h">
      <Filter>src</Filter>
    </ClInclude>
    <ClInclude Include="src\PNGLoader.h">
      <Filter>src</Filter>
    </ClInclude>
    <ClInclude Include="src\Physics.h">
      <Filter>src</Filter>
    </ClInclude>
    <ClInclude Include="src\PhysicsObject.h">
      <Filter>src</Filter>
    </ClInclude>
    <ClInclude Include="src\Sprite.h">
      <Filter>src</Filter>
    </ClInclude>
    <ClInclude Include="src\Utils\AssetManager.h">
      <Filter>src\Utils</Filter>
    </ClInclude>
    <ClInclude Include="src\Utils\Math.h">
      <Filter>src\Utils</Filter>
    </ClInclude>
    <ClInclude Include="src\Utils\Shader.h">
      <Filter>src\Utils</Filter>
    </ClInclude>
    <ClInclude Include="src\Utils\Sound.h">
      <Filter>src\Utils</Filter>
    </ClInclude>
    <ClInclude Include="src\Utils\StringHelper.h">
      <Filter>src\Utils</Filter>
    </ClInclude>
    <ClInclude Include="src\Utils\Texture.h">
      <Filter>src\Utils</Filter>
    </ClInclude>
    <ClInclude Include="src\Utils\Windows\WindowsTextureCompiler.h">
      <Filter>src\Utils\Windows</Filter>
    </ClInclude>
    <ClInclude Include="src\GameScreen.h" />
    <ClInclude Include="src\GameScreenManager.h" />
    <ClInclude Include="src\GameScreenTest.h" />
  </ItemGroup>
  <ItemGroup>
    <ClCompile Include="ext\DDSTextureLoader.cpp">
      <Filter>ext</Filter>
    </ClCompile>
    <ClCompile Include="ext\GLM\detail\glm.cpp">
      <Filter>ext\GLM\detail</Filter>
    </ClCompile>
    <ClCompile Include="ext\Glad\glad.c">
      <Filter>ext\Glad</Filter>
    </ClCompile>
    <ClCompile Include="ext\TinyXML\tinystr.cpp">
      <Filter>ext\TinyXML</Filter>
    </ClCompile>
    <ClCompile Include="ext\TinyXML\tinyxml.cpp">
      <Filter>ext\TinyXML</Filter>
    </ClCompile>
    <ClCompile Include="ext\TinyXML\tinyxmlerror.cpp">
      <Filter>ext\TinyXML</Filter>
    </ClCompile>
    <ClCompile Include="ext\TinyXML\tinyxmlparser.cpp">
      <Filter>ext\TinyXML</Filter>
    </ClCompile>
    <ClCompile Include="ext\drwav\dr_wav_impl.c">
      <Filter>ext\drwav</Filter>
    </ClCompile>
    <ClCompile Include="src\Backend\D3D11\D311Context.cpp">
      <Filter>src\Backend\D3D11</Filter>
    </ClCompile>
    <ClCompile Include="src\Backend\D3D11\D3D11Camera.cpp">
      <Filter>src\Backend\D3D11</Filter>
    </ClCompile>
    <ClCompile Include="src\Backend\D3D11\D3D11Device.cpp">
      <Filter>src\Backend\D3D11</Filter>
    </ClCompile>
    <ClCompile Include="src\Backend\D3D11\D3D11Renderer2D.cpp">
      <Filter>src\Backend\D3D11</Filter>
    </ClCompile>
    <ClCompile Include="src\Backend\D3D11\D3D11Shader.cpp">
      <Filter>src\Backend\D3D11</Filter>
    </ClCompile>
    <ClCompile Include="src\Backend\D3D11\D3D11Texture.cpp">
      <Filter>src\Backend\D3D11</Filter>
    </ClCompile>
    <ClCompile Include="src\Backend\OGL\OGLRenderer2D.cpp">
      <Filter>src\Backend\OGL</Filter>
    </ClCompile>
    <ClCompile Include="src\Backend\OGL\OGLShader.cpp">
      <Filter>src\Backend\OGL</Filter>
    </ClCompile>
    <ClCompile Include="src\Backend\OGL\OGLTexture.cpp">
      <Filter>src\Backend\OGL</Filter>
    </ClCompile>
    <ClCompile Include="src\Backend\OGL\OpenGLCamera.cpp">
      <Filter>src\Backend\OGL</Filter>
    </ClCompile>
    <ClCompile Include="src\Backend\OGL\OpenGLContext.cpp">
      <Filter>src\Backend\OGL</Filter>
    </ClCompile>
    <ClCompile Include="src\Camera.cpp">
      <Filter>src</Filter>
    </ClCompile>
    <ClCompile Include="src\CameraManager.cpp">
      <Filter>src</Filter>
    </ClCompile>
    <ClCompile Include="src\Character.cpp">
      <Filter>src</Filter>
    </ClCompile>
    <ClCompile Include="src\Engine\Application.cpp">
      <Filter>src\Engine</Filter>
    </ClCompile>
    <ClCompile Include="src\Engine\Audio\AudioManager.cpp">
      <Filter>src\Engine\Audio</Filter>
    </ClCompile>
    <ClCompile Include="src\Engine\Input\InputManager.cpp">
      <Filter>src\Engine\Input</Filter>
    </ClCompile>
    <ClCompile Include="src\Engine\Renderer\Context.cpp">
      <Filter>src\Engine\Renderer</Filter>
    </ClCompile>
    <ClCompile Include="src\Engine\Renderer\Device.cpp">
      <Filter>src\Engine\Renderer</Filter>
    </ClCompile>
    <ClCompile Include="src\Engine\Renderer\Renderer2D.cpp">
      <Filter>src\Engine\Renderer</Filter>
    </ClCompile>
    <ClCompile Include="src\Engine\Renderer\Swapchain.cpp">
      <Filter>src\Engine\Renderer</Filter>
    </ClCompile>
    <ClCompile Include="src\Entry\WindowsSystem.cpp">
      <Filter>src\Entry</Filter>
    </ClCompile>
    <ClCompile Include="src\LevelMap.cpp">
      <Filter>src</Filter>
    </ClCompile>
    <ClCompile Include="src\PNGLoader.cpp">
      <Filter>src</Filter>
    </ClCompile>
    <ClCompile Include="src\Physics.cpp">
      <Filter>src</Filter>
    </ClCompile>
    <ClCompile Include="src\PhysicsObject.cpp">
      <Filter>src</Filter>
    </ClCompile>
    <ClCompile Include="src\Sprite.cpp">
      <Filter>src</Filter>
    </ClCompile>
    <ClCompile Include="src\Utils\AssetManager.cpp">
      <Filter>src\Utils</Filter>
    </ClCompile>
    <ClCompile Include="src\Utils\Shader.cpp">
      <Filter>src\Utils</Filter>
    </ClCompile>
    <ClCompile Include="src\Utils\Sound.cpp">
      <Filter>src\Utils</Filter>
    </ClCompile>
    <ClCompile Include="src\Utils\StringHelper.cpp">
      <Filter>src\Utils</Filter>
    </ClCompile>
    <ClCompile Include="src\Utils\Texture.cpp">
      <Filter>src\Utils</Filter>
    </ClCompile>
    <ClCompile Include="src\Utils\Windows\WindowsTextureCompiler.cpp">
      <Filter>src\Utils\Windows</Filter>
    </ClCompile>
    <ClCompile Include="src\GameScreen.cpp" />
    <ClCompile Include="src\GameScreenManager.cpp" />
    <ClCompile Include="src\GameScreenTest.cpp" />
  </ItemGroup>
</Project>